PODS:
  - AFNetworking (3.2.1):
    - AFNetworking/NSURLSession (= 3.2.1)
    - AFNetworking/Reachability (= 3.2.1)
    - AFNetworking/Security (= 3.2.1)
    - AFNetworking/Serialization (= 3.2.1)
    - AFNetworking/UIKit (= 3.2.1)
  - AFNetworking/NSURLSession (3.2.1):
    - AFNetworking/Reachability
    - AFNetworking/Security
    - AFNetworking/Serialization
  - AFNetworking/Reachability (3.2.1)
  - AFNetworking/Security (3.2.1)
  - AFNetworking/Serialization (3.2.1)
  - AFNetworking/UIKit (3.2.1):
    - AFNetworking/NSURLSession
  - SSRequestDirect (0.0.1):
    - SSRequestDirect/Core (= 0.0.1)
    - SSRequstHandler
    - SwiftyJSON
  - SSRequestDirect/Core (0.0.1):
    - SSRequstHandler
    - SwiftyJSON
  - SSRequstHandler (0.0.1):
    - AFNetworking
    - SSRequstHandler/Category (= 0.0.1)
    - SSRequstHandler/Others (= 0.0.1)
    - SSRequstHandler/SSBaseApi (= 0.0.1)
    - SSRequstHandler/SSRequestDebugLog (= 0.0.1)
    - SSRequstHandler/SSRequestError (= 0.0.1)
    - SSRequstHandler/SSRequestHandler (= 0.0.1)
    - SSRequstHandler/SSRequestPlugin (= 0.0.1)
    - SSRequstHandler/SSRequestProtocol (= 0.0.1)
    - SSRequstHandler/SSRequestSetting (= 0.0.1)
    - SSRequstHandler/SSResponse (= 0.0.1)
    - SwiftyJSON
  - SSRequstHandler/Category (0.0.1):
    - AFNetworking
    - SwiftyJSON
  - SSRequstHandler/Others (0.0.1):
    - AFNetworking
    - SwiftyJSON
  - SSRequstHandler/SSBaseApi (0.0.1):
    - AFNetworking
    - SwiftyJSON
  - SSRequstHandler/SSRequestDebugLog (0.0.1):
    - AFNetworking
    - SwiftyJSON
  - SSRequstHandler/SSRequestError (0.0.1):
    - AFNetworking
    - SwiftyJSON
  - SSRequstHandler/SSRequestHandler (0.0.1):
    - AFNetworking
    - SwiftyJSON
  - SSRequstHandler/SSRequestPlugin (0.0.1):
    - AFNetworking
    - SwiftyJSON
  - SSRequstHandler/SSRequestProtocol (0.0.1):
    - AFNetworking
    - SwiftyJSON
  - SSRequstHandler/SSRequestSetting (0.0.1):
    - AFNetworking
    - SwiftyJSON
  - SSRequstHandler/SSResponse (0.0.1):
    - AFNetworking
    - SwiftyJSON
  - SwiftyJSON (5.0.0)

DEPENDENCIES:
  - SSRequestDirect (from `../../SSRequestDirect`)
  - SSRequstHandler (from `../../SSRequstHandler`)
  - SwiftyJSON (= 5.0.0)

EXTERNAL SOURCES:
  SSRequestDirect:
    :path: ../../SSRequestDirect
  SSRequstHandler:
    :path: ../../SSRequstHandler

SPEC CHECKSUMS:
  AFNetworking: b6f891fdfaed196b46c7a83cf209e09697b94057
  SSRequestDirect: c7ae14ed8885b3449ef4899f0e7271b052b6776e
  SSRequstHandler: f6e7aeac8c3eb76f5786f3b35400c842b915166d
  SwiftyJSON: 36413e04c44ee145039d332b4f4e2d3e8d6c4db7

PODFILE CHECKSUM: 09064b354fd4b41e6f8d3e6ec5d5f60d825f149e

COCOAPODS: 1.4.0
