PODS:
  - AFNetworking (3.2.1):
    - AFNetworking/NSURLSession (= 3.2.1)
    - AFNetworking/Reachability (= 3.2.1)
    - AFNetworking/Security (= 3.2.1)
    - AFNetworking/Serialization (= 3.2.1)
    - AFNetworking/UIKit (= 3.2.1)
  - AFNetworking/NSURLSession (3.2.1):
    - AFNetworking/Reachability
    - AFNetworking/Security
    - AFNetworking/Serialization
  - AFNetworking/Reachability (3.2.1)
  - AFNetworking/Security (3.2.1)
  - AFNetworking/Serialization (3.2.1)
  - AFNetworking/UIKit (3.2.1):
    - AFNetworking/NSURLSession
  - SSRequestDirect (0.0.1):
    - SSRequestDirect/Core (= 0.0.1)
    - SSRequstHandler
    - SwiftyJSON
  - SSRequestDirect/Core (0.0.1):
    - SSRequstHandler
    - SwiftyJSON
  - SSRequstHandler (0.0.1):
    - AFNetworking
    - SSRequstHandler/Category (= 0.0.1)
    - SSRequstHandler/Others (= 0.0.1)
    - SSRequstHandler/SSBaseApi (= 0.0.1)
    - SSRequstHandler/SSRequestDebugLog (= 0.0.1)
    - SSRequstHandler/SSRequestError (= 0.0.1)
    - SSRequstHandler/SSRequestHandler (= 0.0.1)
    - SSRequstHandler/SSRequestPlugin (= 0.0.1)
    - SSRequstHandler/SSRequestProtocol (= 0.0.1)
    - SSRequstHandler/SSRequestSetting (= 0.0.1)
    - SSRequstHandler/SSResponse (= 0.0.1)
  - SSRequstHandler/Category (0.0.1):
    - AFNetworking
  - SSRequstHandler/Others (0.0.1):
    - AFNetworking
  - SSRequstHandler/SSBaseApi (0.0.1):
    - AFNetworking
  - SSRequstHandler/SSRequestDebugLog (0.0.1):
    - AFNetworking
  - SSRequstHandler/SSRequestError (0.0.1):
    - AFNetworking
  - SSRequstHandler/SSRequestHandler (0.0.1):
    - AFNetworking
  - SSRequstHandler/SSRequestPlugin (0.0.1):
    - AFNetworking
  - SSRequstHandler/SSRequestProtocol (0.0.1):
    - AFNetworking
  - SSRequstHandler/SSRequestSetting (0.0.1):
    - AFNetworking
  - SSRequstHandler/SSResponse (0.0.1):
    - AFNetworking
  - SwiftyJSON (5.0.0)

DEPENDENCIES:
  - SSRequestDirect (from `git@github.com:kingundertree/SSRequestDirectDemo.git`, tag `0.0.1`)
  - SSRequstHandler (from `git@github.com:kingundertree/SSRequstHandler.git`, tag `0.0.1`)
  - SwiftyJSON (= 5.0.0)

EXTERNAL SOURCES:
  SSRequestDirect:
    :git: git@github.com:kingundertree/SSRequestDirectDemo.git
    :tag: 0.0.1
  SSRequstHandler:
    :git: git@github.com:kingundertree/SSRequstHandler.git
    :tag: 0.0.1

CHECKOUT OPTIONS:
  SSRequestDirect:
    :git: git@github.com:kingundertree/SSRequestDirectDemo.git
    :tag: 0.0.1
  SSRequstHandler:
    :git: git@github.com:kingundertree/SSRequstHandler.git
    :tag: 0.0.1

SPEC CHECKSUMS:
  AFNetworking: b6f891fdfaed196b46c7a83cf209e09697b94057
  SSRequestDirect: c42a7c86d8527510647e67be558ff82df2c43214
  SSRequstHandler: 0860fff110b540363baf6233107ad313f04e3f71
  SwiftyJSON: 36413e04c44ee145039d332b4f4e2d3e8d6c4db7

PODFILE CHECKSUM: 3568e5325a006204b495805da99bec52ac1d7466

COCOAPODS: 1.4.0
